
Microsoft Visual Studio Solution File, Format Version 12.00
# Visual Studio 15
VisualStudioVersion = 15.0.26124.0
MinimumVisualStudioVersion = 15.0.26124.0
Project("{FAE04EC0-301F-11D3-BF4B-00C04F79EFBC}") = "StoreUI", "StoreUI\StoreUI.csproj", "{2A4A916D-C344-4BA2-877E-F959CA9CBFEA}"
EndProject
Project("{FAE04EC0-301F-11D3-BF4B-00C04F79EFBC}") = "StoreModels", "StoreModels\StoreModels.csproj", "{276B1B82-2B31-4E76-AF6F-2ECF498FC85D}"
EndProject
Global
	GlobalSection(SolutionConfigurationPlatforms) = preSolution
		Debug|Any CPU = Debug|Any CPU
		Debug|x64 = Debug|x64
		Debug|x86 = Debug|x86
		Release|Any CPU = Release|Any CPU
		Release|x64 = Release|x64
		Release|x86 = Release|x86
	EndGlobalSection
	GlobalSection(SolutionProperties) = preSolution
		HideSolutionNode = FALSE
	EndGlobalSection
	GlobalSection(ProjectConfigurationPlatforms) = postSolution
		{2A4A916D-C344-4BA2-877E-F959CA9CBFEA}.Debug|Any CPU.ActiveCfg = Debug|Any CPU
		{2A4A916D-C344-4BA2-877E-F959CA9CBFEA}.Debug|Any CPU.Build.0 = Debug|Any CPU
		{2A4A916D-C344-4BA2-877E-F959CA9CBFEA}.Debug|x64.ActiveCfg = Debug|Any CPU
		{2A4A916D-C344-4BA2-877E-F959CA9CBFEA}.Debug|x64.Build.0 = Debug|Any CPU
		{2A4A916D-C344-4BA2-877E-F959CA9CBFEA}.Debug|x86.ActiveCfg = Debug|Any CPU
		{2A4A916D-C344-4BA2-877E-F959CA9CBFEA}.Debug|x86.Build.0 = Debug|Any CPU
		{2A4A916D-C344-4BA2-877E-F959CA9CBFEA}.Release|Any CPU.ActiveCfg = Release|Any CPU
		{2A4A916D-C344-4BA2-877E-F959CA9CBFEA}.Release|Any CPU.Build.0 = Release|Any CPU
		{2A4A916D-C344-4BA2-877E-F959CA9CBFEA}.Release|x64.ActiveCfg = Release|Any CPU
		{2A4A916D-C344-4BA2-877E-F959CA9CBFEA}.Release|x64.Build.0 = Release|Any CPU
		{2A4A916D-C344-4BA2-877E-F959CA9CBFEA}.Release|x86.ActiveCfg = Release|Any CPU
		{2A4A916D-C344-4BA2-877E-F959CA9CBFEA}.Release|x86.Build.0 = Release|Any CPU
		{276B1B82-2B31-4E76-AF6F-2ECF498FC85D}.Debug|Any CPU.ActiveCfg = Debug|Any CPU
		{276B1B82-2B31-4E76-AF6F-2ECF498FC85D}.Debug|Any CPU.Build.0 = Debug|Any CPU
		{276B1B82-2B31-4E76-AF6F-2ECF498FC85D}.Debug|x64.ActiveCfg = Debug|Any CPU
		{276B1B82-2B31-4E76-AF6F-2ECF498FC85D}.Debug|x64.Build.0 = Debug|Any CPU
		{276B1B82-2B31-4E76-AF6F-2ECF498FC85D}.Debug|x86.ActiveCfg = Debug|Any CPU
		{276B1B82-2B31-4E76-AF6F-2ECF498FC85D}.Debug|x86.Build.0 = Debug|Any CPU
		{276B1B82-2B31-4E76-AF6F-2ECF498FC85D}.Release|Any CPU.ActiveCfg = Release|Any CPU
		{276B1B82-2B31-4E76-AF6F-2ECF498FC85D}.Release|Any CPU.Build.0 = Release|Any CPU
		{276B1B82-2B31-4E76-AF6F-2ECF498FC85D}.Release|x64.ActiveCfg = Release|Any CPU
		{276B1B82-2B31-4E76-AF6F-2ECF498FC85D}.Release|x64.Build.0 = Release|Any CPU
		{276B1B82-2B31-4E76-AF6F-2ECF498FC85D}.Release|x86.ActiveCfg = Release|Any CPU
		{276B1B82-2B31-4E76-AF6F-2ECF498FC85D}.Release|x86.Build.0 = Release|Any CPU
	EndGlobalSection
EndGlobal
